// !$*UTF8*$!
{
	archiveVersion = 1;
	classes = {
	};
	objectVersion = 46;
	objects = {

/* Begin PBXBuildFile section */
		20EBAA5726100102CD30F127 /* WAYWindow.m in Sources */ = {isa = PBXBuildFile; fileRef = 20EBA953E0FB31F0A8B913C9 /* WAYWindow.m */; };
		BD15C72C1AE2C879009C8198 /* AppDelegate.swift in Sources */ = {isa = PBXBuildFile; fileRef = BD15C72B1AE2C879009C8198 /* AppDelegate.swift */; };
		BD15C72E1AE2C879009C8198 /* Images.xcassets in Resources */ = {isa = PBXBuildFile; fileRef = BD15C72D1AE2C879009C8198 /* Images.xcassets */; };
		BD15C7311AE2C879009C8198 /* MainMenu.xib in Resources */ = {isa = PBXBuildFile; fileRef = BD15C72F1AE2C879009C8198 /* MainMenu.xib */; };
		BD2651C71AE3300F00278F6E /* Trello.js in Resources */ = {isa = PBXBuildFile; fileRef = BD2651C61AE3300F00278F6E /* Trello.js */; };
/* End PBXBuildFile section */

/* Begin PBXContainerItemProxy section */
		BD15C74E1AE2D2F9009C8198 /* PBXContainerItemProxy */ = {
			isa = PBXContainerItemProxy;
			containerPortal = BD15C74A1AE2D2F9009C8198 /* WAYWindowDemo.xcodeproj */;
			proxyType = 2;
			remoteGlobalIDString = 4DF97ACA1A17DA7700351BC9;
			remoteInfo = WAYWindowDemo;
		};
/* End PBXContainerItemProxy section */

/* Begin PBXFileReference section */
		20EBA953E0FB31F0A8B913C9 /* WAYWindow.m */ = {isa = PBXFileReference; fileEncoding = 4; lastKnownFileType = sourcecode.c.objc; path = WAYWindow.m; sourceTree = "<group>"; };
		20EBAA0871ACCC12F8E5FE4B /* Trello-Bridging-Header.h */ = {isa = PBXFileReference; fileEncoding = 4; lastKnownFileType = sourcecode.c.h; path = "Trello-Bridging-Header.h"; sourceTree = "<group>"; };
		20EBADF188649CDF4DC4E306 /* WAYWindow.h */ = {isa = PBXFileReference; fileEncoding = 4; lastKnownFileType = sourcecode.c.h; path = WAYWindow.h; sourceTree = "<group>"; };
		BD15C7261AE2C879009C8198 /* Trello.app */ = {isa = PBXFileReference; explicitFileType = wrapper.application; includeInIndex = 0; path = Trello.app; sourceTree = BUILT_PRODUCTS_DIR; };
		BD15C72A1AE2C879009C8198 /* Info.plist */ = {isa = PBXFileReference; lastKnownFileType = text.plist.xml; path = Info.plist; sourceTree = "<group>"; };
		BD15C72B1AE2C879009C8198 /* AppDelegate.swift */ = {isa = PBXFileReference; lastKnownFileType = sourcecode.swift; path = AppDelegate.swift; sourceTree = "<group>"; };
		BD15C72D1AE2C879009C8198 /* Images.xcassets */ = {isa = PBXFileReference; lastKnownFileType = folder.assetcatalog; path = Images.xcassets; sourceTree = "<group>"; };
		BD15C7301AE2C879009C8198 /* Base */ = {isa = PBXFileReference; lastKnownFileType = file.xib; name = Base; path = Base.lproj/MainMenu.xib; sourceTree = "<group>"; };
		BD15C74A1AE2D2F9009C8198 /* WAYWindowDemo.xcodeproj */ = {isa = PBXFileReference; lastKnownFileType = "wrapper.pb-project"; name = WAYWindowDemo.xcodeproj; path = Libs/WAYWindow/WAYWindowDemo.xcodeproj; sourceTree = "<group>"; };
		BD2651C61AE3300F00278F6E /* Trello.js */ = {isa = PBXFileReference; fileEncoding = 4; lastKnownFileType = sourcecode.javascript; path = Trello.js; sourceTree = "<group>"; };
/* End PBXFileReference section */

/* Begin PBXFrameworksBuildPhase section */
		BD15C7231AE2C879009C8198 /* Frameworks */ = {
			isa = PBXFrameworksBuildPhase;
			buildActionMask = 2147483647;
			files = (
			);
			runOnlyForDeploymentPostprocessing = 0;
		};
/* End PBXFrameworksBuildPhase section */

/* Begin PBXGroup section */
		BD15C71D1AE2C879009C8198 = {
			isa = PBXGroup;
			children = (
				BD15C74A1AE2D2F9009C8198 /* WAYWindowDemo.xcodeproj */,
				BD15C7271AE2C879009C8198 /* Products */,
				BD15C7281AE2C879009C8198 /* Trello */,
			);
			sourceTree = "<group>";
		};
		BD15C7271AE2C879009C8198 /* Products */ = {
			isa = PBXGroup;
			children = (
				BD15C7261AE2C879009C8198 /* Trello.app */,
			);
			name = Products;
			sourceTree = "<group>";
		};
		BD15C7281AE2C879009C8198 /* Trello */ = {
			isa = PBXGroup;
			children = (
				BD15C72B1AE2C879009C8198 /* AppDelegate.swift */,
				BD15C72D1AE2C879009C8198 /* Images.xcassets */,
				BD15C72F1AE2C879009C8198 /* MainMenu.xib */,
				BD15C7291AE2C879009C8198 /* Supporting Files */,
				20EBAA0871ACCC12F8E5FE4B /* Trello-Bridging-Header.h */,
				20EBA953E0FB31F0A8B913C9 /* WAYWindow.m */,
				20EBADF188649CDF4DC4E306 /* WAYWindow.h */,
				BD2651C61AE3300F00278F6E /* Trello.js */,
			);
			path = Trello;
			sourceTree = "<group>";
		};
		BD15C7291AE2C879009C8198 /* Supporting Files */ = {
			isa = PBXGroup;
			children = (
				BD15C72A1AE2C879009C8198 /* Info.plist */,
			);
			name = "Supporting Files";
			sourceTree = "<group>";
		};
		BD15C74B1AE2D2F9009C8198 /* Products */ = {
			isa = PBXGroup;
			children = (
				BD15C74F1AE2D2F9009C8198 /* WAYWindowDemo.app */,
			);
			name = Products;
			sourceTree = "<group>";
		};
/* End PBXGroup section */

/* Begin PBXNativeTarget section */
		BD15C7251AE2C879009C8198 /* Trello */ = {
			isa = PBXNativeTarget;
			buildConfigurationList = BD15C7401AE2C879009C8198 /* Build configuration list for PBXNativeTarget "Trello" */;
			buildPhases = (
				BD15C7221AE2C879009C8198 /* Sources */,
				BD15C7231AE2C879009C8198 /* Frameworks */,
				BD15C7241AE2C879009C8198 /* Resources */,
			);
			buildRules = (
			);
			dependencies = (
			);
			name = Trello;
			productName = Trello;
			productReference = BD15C7261AE2C879009C8198 /* Trello.app */;
			productType = "com.apple.product-type.application";
		};
/* End PBXNativeTarget section */

/* Begin PBXProject section */
		BD15C71E1AE2C879009C8198 /* Project object */ = {
			isa = PBXProject;
			attributes = {
				LastUpgradeCheck = 0630;
				ORGANIZATIONNAME = "Leonid Semenov";
				TargetAttributes = {
					BD15C7251AE2C879009C8198 = {
						CreatedOnToolsVersion = 6.3;
					};
				};
			};
			buildConfigurationList = BD15C7211AE2C879009C8198 /* Build configuration list for PBXProject "Trello" */;
			compatibilityVersion = "Xcode 3.2";
			developmentRegion = English;
			hasScannedForEncodings = 0;
			knownRegions = (
				en,
				Base,
			);
			mainGroup = BD15C71D1AE2C879009C8198;
			productRefGroup = BD15C7271AE2C879009C8198 /* Products */;
			projectDirPath = "";
			projectReferences = (
				{
					ProductGroup = BD15C74B1AE2D2F9009C8198 /* Products */;
					ProjectRef = BD15C74A1AE2D2F9009C8198 /* WAYWindowDemo.xcodeproj */;
				},
			);
			projectRoot = "";
			targets = (
				BD15C7251AE2C879009C8198 /* Trello */,
			);
		};
/* End PBXProject section */

/* Begin PBXReferenceProxy section */
		BD15C74F1AE2D2F9009C8198 /* WAYWindowDemo.app */ = {
			isa = PBXReferenceProxy;
			fileType = wrapper.application;
			path = WAYWindowDemo.app;
			remoteRef = BD15C74E1AE2D2F9009C8198 /* PBXContainerItemProxy */;
			sourceTree = BUILT_PRODUCTS_DIR;
		};
/* End PBXReferenceProxy section */

/* Begin PBXResourcesBuildPhase section */
		BD15C7241AE2C879009C8198 /* Resources */ = {
			isa = PBXResourcesBuildPhase;
			buildActionMask = 2147483647;
			files = (
				BD2651C71AE3300F00278F6E /* Trello.js in Resources */,
				BD15C72E1AE2C879009C8198 /* Images.xcassets in Resources */,
				BD15C7311AE2C879009C8198 /* MainMenu.xib in Resources */,
			);
			runOnlyForDeploymentPostprocessing = 0;
		};
/* End PBXResourcesBuildPhase section */

/* Begin PBXSourcesBuildPhase section */
		BD15C7221AE2C879009C8198 /* Sources */ = {
			isa = PBXSourcesBuildPhase;
			buildActionMask = 2147483647;
			files = (
				BD15C72C1AE2C879009C8198 /* AppDelegate.swift in Sources */,
				20EBAA5726100102CD30F127 /* WAYWindow.m in Sources */,
			);
			runOnlyForDeploymentPostprocessing = 0;
		};
/* End PBXSourcesBuildPhase section */

/* Begin PBXVariantGroup section */
		BD15C72F1AE2C879009C8198 /* MainMenu.xib */ = {
			isa = PBXVariantGroup;
			children = (
				BD15C7301AE2C879009C8198 /* Base */,
			);
			name = MainMenu.xib;
			sourceTree = "<group>";
		};
/* End PBXVariantGroup section */

/* Begin XCBuildConfiguration section */
		BD15C73E1AE2C879009C8198 /* Debug */ = {
			isa = XCBuildConfiguration;
			buildSettings = {
				ALWAYS_SEARCH_USER_PATHS = NO;
				CLANG_CXX_LANGUAGE_STANDARD = "gnu++0x";
				CLANG_CXX_LIBRARY = "libc++";
				CLANG_ENABLE_MODULES = YES;
				CLANG_ENABLE_OBJC_ARC = YES;
				CLANG_WARN_BOOL_CONVERSION = YES;
				CLANG_WARN_CONSTANT_CONVERSION = YES;
				CLANG_WARN_DIRECT_OBJC_ISA_USAGE = YES_ERROR;
				CLANG_WARN_EMPTY_BODY = YES;
				CLANG_WARN_ENUM_CONVERSION = YES;
				CLANG_WARN_INT_CONVERSION = YES;
				CLANG_WARN_OBJC_ROOT_CLASS = YES_ERROR;
				CLANG_WARN_UNREACHABLE_CODE = YES;
				CLANG_WARN__DUPLICATE_METHOD_MATCH = YES;
				CODE_SIGN_IDENTITY = "-";
				COPY_PHASE_STRIP = NO;
				DEBUG_INFORMATION_FORMAT = dwarf;
				ENABLE_STRICT_OBJC_MSGSEND = YES;
				GCC_C_LANGUAGE_STANDARD = gnu99;
				GCC_DYNAMIC_NO_PIC = NO;
				GCC_NO_COMMON_BLOCKS = YES;
				GCC_OPTIMIZATION_LEVEL = 0;
				GCC_PREPROCESSOR_DEFINITIONS = (
					"DEBUG=1",
					"$(inherited)",
				);
				GCC_SYMBOLS_PRIVATE_EXTERN = NO;
				GCC_WARN_64_TO_32_BIT_CONVERSION = YES;
				GCC_WARN_ABOUT_RETURN_TYPE = YES_ERROR;
				GCC_WARN_UNDECLARED_SELECTOR = YES;
				GCC_WARN_UNINITIALIZED_AUTOS = YES_AGGRESSIVE;
				GCC_WARN_UNUSED_FUNCTION = YES;
				GCC_WARN_UNUSED_VARIABLE = YES;
				MACOSX_DEPLOYMENT_TARGET = 10.10;
				MTL_ENABLE_DEBUG_INFO = YES;
				ONLY_ACTIVE_ARCH = YES;
				OTHER_SWIFT_FLAGS = "-DDEBUG";
				SDKROOT = macosx;
				SWIFT_OPTIMIZATION_LEVEL = "-Onone";
			};
			name = Debug;
		};
		BD15C73F1AE2C879009C8198 /* Release */ = {
			isa = XCBuildConfiguration;
			buildSettings = {
				ALWAYS_SEARCH_USER_PATHS = NO;
				CLANG_CXX_LANGUAGE_STANDARD = "gnu++0x";
				CLANG_CXX_LIBRARY = "libc++";
				CLANG_ENABLE_MODULES = YES;
				CLANG_ENABLE_OBJC_ARC = YES;
				CLANG_WARN_BOOL_CONVERSION = YES;
				CLANG_WARN_CONSTANT_CONVERSION = YES;
				CLANG_WARN_DIRECT_OBJC_ISA_USAGE = YES_ERROR;
				CLANG_WARN_EMPTY_BODY = YES;
				CLANG_WARN_ENUM_CONVERSION = YES;
				CLANG_WARN_INT_CONVERSION = YES;
				CLANG_WARN_OBJC_ROOT_CLASS = YES_ERROR;
				CLANG_WARN_UNREACHABLE_CODE = YES;
				CLANG_WARN__DUPLICATE_METHOD_MATCH = YES;
				CODE_SIGN_IDENTITY = "-";
				COPY_PHASE_STRIP = NO;
				DEBUG_INFORMATION_FORMAT = "dwarf-with-dsym";
				ENABLE_NS_ASSERTIONS = NO;
				ENABLE_STRICT_OBJC_MSGSEND = YES;
				GCC_C_LANGUAGE_STANDARD = gnu99;
				GCC_NO_COMMON_BLOCKS = YES;
				GCC_PREPROCESSOR_DEFINITIONS = "RELEASE=1";
				GCC_WARN_64_TO_32_BIT_CONVERSION = YES;
				GCC_WARN_ABOUT_RETURN_TYPE = YES_ERROR;
				GCC_WARN_UNDECLARED_SELECTOR = YES;
				GCC_WARN_UNINITIALIZED_AUTOS = YES_AGGRESSIVE;
				GCC_WARN_UNUSED_FUNCTION = YES;
				GCC_WARN_UNUSED_VARIABLE = YES;
				MACOSX_DEPLOYMENT_TARGET = 10.10;
				MTL_ENABLE_DEBUG_INFO = NO;
				OTHER_SWIFT_FLAGS = "-DRELEASE";
				SDKROOT = macosx;
			};
			name = Release;
		};
		BD15C7411AE2C879009C8198 /* Debug */ = {
			isa = XCBuildConfiguration;
			buildSettings = {
				ASSETCATALOG_COMPILER_APPICON_NAME = AppIcon;
				COMBINE_HIDPI_IMAGES = YES;
				INCLUDED_RECURSIVE_SEARCH_PATH_SUBDIRECTORIES = "";
				INFOPLIST_FILE = Trello/Info.plist;
				LD_RUNPATH_SEARCH_PATHS = "$(inherited) @executable_path/../Frameworks";
				PRODUCT_NAME = "$(TARGET_NAME)";
				SWIFT_OBJC_BRIDGING_HEADER = "Trello/Trello-Bridging-Header.h";
				USER_HEADER_SEARCH_PATHS = "";
			};
			name = Debug;
		};
		BD15C7421AE2C879009C8198 /* Release */ = {
			isa = XCBuildConfiguration;
			buildSettings = {
				ASSETCATALOG_COMPILER_APPICON_NAME = AppIcon;
				COMBINE_HIDPI_IMAGES = YES;
				INCLUDED_RECURSIVE_SEARCH_PATH_SUBDIRECTORIES = "";
				INFOPLIST_FILE = Trello/Info.plist;
				LD_RUNPATH_SEARCH_PATHS = "$(inherited) @executable_path/../Frameworks";
				PRODUCT_NAME = "$(TARGET_NAME)";
				SWIFT_OBJC_BRIDGING_HEADER = "Trello/Trello-Bridging-Header.h";
				USER_HEADER_SEARCH_PATHS = "";
			};
			name = Release;
		};
/* End XCBuildConfiguration section */

/* Begin XCConfigurationList section */
		BD15C7211AE2C879009C8198 /* Build configuration list for PBXProject "Trello" */ = {
			isa = XCConfigurationList;
			buildConfigurations = (
				BD15C73E1AE2C879009C8198 /* Debug */,
				BD15C73F1AE2C879009C8198 /* Release */,
			);
			defaultConfigurationIsVisible = 0;
			defaultConfigurationName = Release;
		};
		BD15C7401AE2C879009C8198 /* Build configuration list for PBXNativeTarget "Trello" */ = {
			isa = XCConfigurationList;
			buildConfigurations = (
				BD15C7411AE2C879009C8198 /* Debug */,
				BD15C7421AE2C879009C8198 /* Release */,
			);
			defaultConfigurationIsVisible = 0;
			defaultConfigurationName = Release;
		};
/* End XCConfigurationList section */
	};
	rootObject = BD15C71E1AE2C879009C8198 /* Project object */;
}
